
Microsoft Visual Studio Solution File, Format Version 12.00
# Visual Studio Version 16
Project("{8BC9CEB8-8B4A-11D0-8D11-00A0C91BC942}") = "ALL_BUILD", "ALL_BUILD.vcxproj", "{1639D8D1-870C-32B8-AE31-C778985B9FCD}"
	ProjectSection(ProjectDependencies) = postProject
		{C245215D-FA6C-3295-935A-5ADEAF6F0AE0} = {C245215D-FA6C-3295-935A-5ADEAF6F0AE0}
		{E7EDF5E0-FD17-32B9-B9AB-FE3014582592} = {E7EDF5E0-FD17-32B9-B9AB-FE3014582592}
	EndProjectSection
EndProject
Project("{8BC9CEB8-8B4A-11D0-8D11-00A0C91BC942}") = "VectorTest", "VectorTest.vcxproj", "{C245215D-FA6C-3295-935A-5ADEAF6F0AE0}"
	ProjectSection(ProjectDependencies) = postProject
		{E7EDF5E0-FD17-32B9-B9AB-FE3014582592} = {E7EDF5E0-FD17-32B9-B9AB-FE3014582592}
	EndProjectSection
EndProject
Project("{8BC9CEB8-8B4A-11D0-8D11-00A0C91BC942}") = "ZERO_CHECK", "..\\ZERO_CHECK.vcxproj", "{E7EDF5E0-FD17-32B9-B9AB-FE3014582592}"
	ProjectSection(ProjectDependencies) = postProject
	EndProjectSection
EndProject
Global
	GlobalSection(SolutionConfigurationPlatforms) = preSolution
		Debug|x64 = Debug|x64
		Release|x64 = Release|x64
		MinSizeRel|x64 = MinSizeRel|x64
		RelWithDebInfo|x64 = RelWithDebInfo|x64
	EndGlobalSection
	GlobalSection(ProjectConfigurationPlatforms) = postSolution
		{1639D8D1-870C-32B8-AE31-C778985B9FCD}.Debug|x64.ActiveCfg = Debug|x64
		{1639D8D1-870C-32B8-AE31-C778985B9FCD}.Release|x64.ActiveCfg = Release|x64
		{1639D8D1-870C-32B8-AE31-C778985B9FCD}.MinSizeRel|x64.ActiveCfg = MinSizeRel|x64
		{1639D8D1-870C-32B8-AE31-C778985B9FCD}.RelWithDebInfo|x64.ActiveCfg = RelWithDebInfo|x64
		{C245215D-FA6C-3295-935A-5ADEAF6F0AE0}.Debug|x64.ActiveCfg = Debug|x64
		{C245215D-FA6C-3295-935A-5ADEAF6F0AE0}.Debug|x64.Build.0 = Debug|x64
		{C245215D-FA6C-3295-935A-5ADEAF6F0AE0}.Release|x64.ActiveCfg = Release|x64
		{C245215D-FA6C-3295-935A-5ADEAF6F0AE0}.Release|x64.Build.0 = Release|x64
		{C245215D-FA6C-3295-935A-5ADEAF6F0AE0}.MinSizeRel|x64.ActiveCfg = MinSizeRel|x64
		{C245215D-FA6C-3295-935A-5ADEAF6F0AE0}.MinSizeRel|x64.Build.0 = MinSizeRel|x64
		{C245215D-FA6C-3295-935A-5ADEAF6F0AE0}.RelWithDebInfo|x64.ActiveCfg = RelWithDebInfo|x64
		{C245215D-FA6C-3295-935A-5ADEAF6F0AE0}.RelWithDebInfo|x64.Build.0 = RelWithDebInfo|x64
		{E7EDF5E0-FD17-32B9-B9AB-FE3014582592}.Debug|x64.ActiveCfg = Debug|x64
		{E7EDF5E0-FD17-32B9-B9AB-FE3014582592}.Debug|x64.Build.0 = Debug|x64
		{E7EDF5E0-FD17-32B9-B9AB-FE3014582592}.Release|x64.ActiveCfg = Release|x64
		{E7EDF5E0-FD17-32B9-B9AB-FE3014582592}.Release|x64.Build.0 = Release|x64
		{E7EDF5E0-FD17-32B9-B9AB-FE3014582592}.MinSizeRel|x64.ActiveCfg = MinSizeRel|x64
		{E7EDF5E0-FD17-32B9-B9AB-FE3014582592}.MinSizeRel|x64.Build.0 = MinSizeRel|x64
		{E7EDF5E0-FD17-32B9-B9AB-FE3014582592}.RelWithDebInfo|x64.ActiveCfg = RelWithDebInfo|x64
		{E7EDF5E0-FD17-32B9-B9AB-FE3014582592}.RelWithDebInfo|x64.Build.0 = RelWithDebInfo|x64
	EndGlobalSection
	GlobalSection(ExtensibilityGlobals) = postSolution
		SolutionGuid = {68A4E93E-07BD-34F3-BBBB-7C7522CF5E18}
	EndGlobalSection
	GlobalSection(ExtensibilityAddIns) = postSolution
	EndGlobalSection
EndGlobal
